{
  "name": "release-doctor",
  "version": "0.1.0",
  "lockfileVersion": 3,
  "requires": true,
  "packages": {
    "": {
      "name": "release-doctor",
      "version": "0.1.0",
      "license": "MIT",
      "bin": {
        "release-doctor": "bin/release-doctor.js"
      },
      "engines": {
        "node": ">=20"
      }
    }
  }
}
